<?xml version="1.0" encoding="utf-8"?>
<Project ToolsVersion="4.0" xmlns="http://schemas.microsoft.com/developer/msbuild/2003">
  <ItemGroup>
    <Filter Include="Source Files">
      <UniqueIdentifier>{4FC737F1-C7A5-4376-A066-2A32D752A2FF}</UniqueIdentifier>
      <Extensions>cpp;c;cc;cxx;def;odl;idl;hpj;bat;asm;asmx</Extensions>
    </Filter>
    <Filter Include="Source Files\ThirdParty">
      <UniqueIdentifier>{bf918bb7-d305-4123-9e17-3f28f4796516}</UniqueIdentifier>
    </Filter>
    <Filter Include="Header Files">
      <UniqueIdentifier>{93995380-89BD-4b04-88EB-625FBE52EBFB}</UniqueIdentifier>
      <Extensions>h;hpp;hxx;hm;inl;inc;xsd</Extensions>
    </Filter>
    <Filter Include="Resource Files">
      <UniqueIdentifier>{67DA6AB6-F800-4c08-8B7A-83BB121AAD01}</UniqueIdentifier>
      <Extensions>rc;ico;cur;bmp;dlg;rc2;rct;bin;rgs;gif;jpg;jpeg;jpe;resx;tiff;tif;png;wav</Extensions>
    </Filter>
    <Filter Include="Resource Files\Binary">
      <UniqueIdentifier>{0f4957c0-547f-4f5e-8133-a34644b29c2f}</UniqueIdentifier>
    </Filter>
    <Filter Include="Resource Files\Images">
      <UniqueIdentifier>{b4e0243e-1a54-40fe-be40-e7cc7a16c3e1}</UniqueIdentifier>
    </Filter>
    <Filter Include="Header Files\TitanEngine">
      <UniqueIdentifier>{e6d39ee2-6c2c-444f-a68e-26a14ba4b11a}</UniqueIdentifier>
    </Filter>
    <Filter Include="Source Files\TitanEngine">
      <UniqueIdentifier>{11622163-c50b-481a-9db8-1993dc220a72}</UniqueIdentifier>
    </Filter>
  </ItemGroup>
  <ItemGroup>
    <ClCompile Include="stdafx.cpp">
      <Filter>Source Files</Filter>
    </ClCompile>
    <ClCompile Include="TitanEngine.cpp">
      <Filter>Source Files</Filter>
    </ClCompile>
    <ClCompile Include="LzmaDec.cpp">
      <Filter>Source Files\ThirdParty</Filter>
    </ClCompile>
    <ClCompile Include="TitanEngine.Dumper.cpp">
      <Filter>Source Files\TitanEngine</Filter>
    </ClCompile>
    <ClCompile Include="Global.Mapping.cpp">
      <Filter>Source Files\TitanEngine</Filter>
    </ClCompile>
    <ClCompile Include="Global.Handle.cpp">
      <Filter>Source Files\TitanEngine</Filter>
    </ClCompile>
    <ClCompile Include="Global.Engine.cpp">
      <Filter>Source Files\TitanEngine</Filter>
    </ClCompile>
    <ClCompile Include="Global.Engine.Extension.cpp">
      <Filter>Source Files\TitanEngine</Filter>
    </ClCompile>
    <ClCompile Include="Global.Engine.Hash.cpp">
      <Filter>Source Files\TitanEngine</Filter>
    </ClCompile>
    <ClCompile Include="TitanEngine.PE.cpp">
      <Filter>Source Files\TitanEngine</Filter>
    </ClCompile>
    <ClCompile Include="TitanEngine.PE.Section.cpp">
      <Filter>Source Files\TitanEngine</Filter>
    </ClCompile>
    <ClCompile Include="TitanEngine.PE.Overlay.cpp">
      <Filter>Source Files\TitanEngine</Filter>
    </ClCompile>
    <ClCompile Include="TitanEngine.PE.Data.cpp">
      <Filter>Source Files\TitanEngine</Filter>
    </ClCompile>
    <ClCompile Include="TitanEngine.PE.Convert.cpp">
      <Filter>Source Files\TitanEngine</Filter>
    </ClCompile>
    <ClCompile Include="Global.Realigner.cpp">
      <Filter>Source Files\TitanEngine</Filter>
    </ClCompile>
    <ClCompile Include="TitanEngine.Realigner.cpp">
      <Filter>Source Files\TitanEngine</Filter>
    </ClCompile>
    <ClCompile Include="TitanEngine.PE.Fixer.cpp">
      <Filter>Source Files\TitanEngine</Filter>
    </ClCompile>
    <ClCompile Include="Global.Engine.Hider.cpp">
      <Filter>Source Files\TitanEngine</Filter>
    </ClCompile>
    <ClCompile Include="TitanEngine.Hider.cpp">
      <Filter>Source Files\TitanEngine</Filter>
    </ClCompile>
    <ClCompile Include="TitanEngine.Relocator.cpp">
      <Filter>Source Files\TitanEngine</Filter>
    </ClCompile>
    <ClCompile Include="TitanEngine.Resourcer.cpp">
      <Filter>Source Files\TitanEngine</Filter>
    </ClCompile>
    <ClCompile Include="TitanEngine.Threader.cpp">
      <Filter>Source Files\TitanEngine</Filter>
    </ClCompile>
    <ClCompile Include="Global.Threader.cpp">
      <Filter>Source Files\TitanEngine</Filter>
    </ClCompile>
    <ClCompile Include="Global.Debugger.cpp">
      <Filter>Source Files\TitanEngine</Filter>
    </ClCompile>
    <ClCompile Include="TitanEngine.Disassembler.cpp">
      <Filter>Source Files\TitanEngine</Filter>
    </ClCompile>
    <ClCompile Include="TitanEngine.Debugger.cpp">
      <Filter>Source Files\TitanEngine</Filter>
    </ClCompile>
    <ClCompile Include="TitanEngine.Breakpoints.cpp">
      <Filter>Source Files\TitanEngine</Filter>
    </ClCompile>
    <ClCompile Include="Global.Breakpoints.cpp">
      <Filter>Source Files\TitanEngine</Filter>
    </ClCompile>
    <ClCompile Include="TitanEngine.Debugger.Context.cpp">
      <Filter>Source Files\TitanEngine</Filter>
    </ClCompile>
    <ClCompile Include="TitanEngine.Debugger.Memory.cpp">
      <Filter>Source Files\TitanEngine</Filter>
    </ClCompile>
    <ClCompile Include="TitanEngine.Debugger.Helper.cpp">
      <Filter>Source Files\TitanEngine</Filter>
    </ClCompile>
    <ClCompile Include="TitanEngine.Debugger.Data.cpp">
      <Filter>Source Files\TitanEngine</Filter>
    </ClCompile>
    <ClCompile Include="TitanEngine.Debugger.DebugLoop.cpp">
      <Filter>Source Files\TitanEngine</Filter>
    </ClCompile>
    <ClCompile Include="Global.Librarian.cpp">
      <Filter>Source Files\TitanEngine</Filter>
    </ClCompile>
    <ClCompile Include="Global.TLS.cpp">
      <Filter>Source Files\TitanEngine</Filter>
    </ClCompile>
    <ClCompile Include="TitanEngine.Debugger.Control.cpp">
      <Filter>Source Files\TitanEngine</Filter>
    </ClCompile>
    <ClCompile Include="Global.OEPFinder.cpp">
      <Filter>Source Files\TitanEngine</Filter>
    </ClCompile>
    <ClCompile Include="TitanEngine.OEPFinder.cpp">
      <Filter>Source Files\TitanEngine</Filter>
    </ClCompile>
    <ClCompile Include="TitanEngine.Importer.cpp">
      <Filter>Source Files\TitanEngine</Filter>
    </ClCompile>
    <ClCompile Include="TitanEngine.Hooks.cpp">
      <Filter>Source Files\TitanEngine</Filter>
    </ClCompile>
    <ClCompile Include="TitanEngine.Tracer.cpp">
      <Filter>Source Files\TitanEngine</Filter>
    </ClCompile>
    <ClCompile Include="TitanEngine.Exporter.cpp">
      <Filter>Source Files\TitanEngine</Filter>
    </ClCompile>
    <ClCompile Include="TitanEngine.Librarian.cpp">
      <Filter>Source Files\TitanEngine</Filter>
    </ClCompile>
    <ClCompile Include="TitanEngine.Process.cpp">
      <Filter>Source Files\TitanEngine</Filter>
    </ClCompile>
    <ClCompile Include="TitanEngine.TLS.cpp">
      <Filter>Source Files\TitanEngine</Filter>
    </ClCompile>
    <ClCompile Include="TitanEngine.TranslateName.cpp">
      <Filter>Source Files\TitanEngine</Filter>
    </ClCompile>
    <ClCompile Include="TitanEngine.Handler.cpp">
      <Filter>Source Files\TitanEngine</Filter>
    </ClCompile>
    <ClCompile Include="TitanEngine.Injector.cpp">
      <Filter>Source Files\TitanEngine</Filter>
    </ClCompile>
    <ClCompile Include="Global.Injector.cpp">
      <Filter>Source Files\TitanEngine</Filter>
    </ClCompile>
    <ClCompile Include="TitanEngine.Static.cpp">
      <Filter>Source Files\TitanEngine</Filter>
    </ClCompile>
    <ClCompile Include="TitanEngine.Engine.cpp">
      <Filter>Source Files\TitanEngine</Filter>
    </ClCompile>
    <ClCompile Include="Global.Engine.Hook.cpp">
      <Filter>Source Files\TitanEngine</Filter>
    </ClCompile>
    <ClCompile Include="Global.Engine.GUI.cpp">
      <Filter>Source Files\TitanEngine</Filter>
    </ClCompile>
    <ClCompile Include="Global.Engine.Simplification.cpp">
      <Filter>Source Files\TitanEngine</Filter>
    </ClCompile>
    <ClCompile Include="TitanEngine.Engine.Simplification.cpp">
      <Filter>Source Files\TitanEngine</Filter>
    </ClCompile>
    <ClCompile Include="Global.Garbage.cpp">
      <Filter>Source Files\TitanEngine</Filter>
    </ClCompile>
  </ItemGroup>
  <ItemGroup>
    <ClInclude Include="resource.h">
      <Filter>Header Files</Filter>
    </ClInclude>
    <ClInclude Include="stdafx.h">
      <Filter>Header Files</Filter>
    </ClInclude>
    <ClInclude Include="targetver.h">
      <Filter>Header Files</Filter>
    </ClInclude>
    <ClInclude Include="definitions.h">
      <Filter>Header Files</Filter>
    </ClInclude>
    <ClInclude Include="scylla_wrapper.h">
      <Filter>Header Files</Filter>
    </ClInclude>
    <ClInclude Include="LzmaTypes.h">
      <Filter>Header Files</Filter>
    </ClInclude>
    <ClInclude Include="LzmaDec.h">
      <Filter>Header Files</Filter>
    </ClInclude>
    <ClInclude Include="distorm.h">
      <Filter>Header Files</Filter>
    </ClInclude>
    <ClInclude Include="aplib.h">
      <Filter>Header Files</Filter>
    </ClInclude>
    <ClInclude Include="Global.Mapping.h">
      <Filter>Header Files\TitanEngine</Filter>
    </ClInclude>
    <ClInclude Include="Global.Handle.h">
      <Filter>Header Files\TitanEngine</Filter>
    </ClInclude>
    <ClInclude Include="Global.Engine.h">
      <Filter>Header Files\TitanEngine</Filter>
    </ClInclude>
    <ClInclude Include="Global.Engine.Extension.h">
      <Filter>Header Files\TitanEngine</Filter>
    </ClInclude>
    <ClInclude Include="Global.Realigner.h">
      <Filter>Header Files\TitanEngine</Filter>
    </ClInclude>
    <ClInclude Include="Global.Engine.Hider.h">
      <Filter>Header Files\TitanEngine</Filter>
    </ClInclude>
    <ClInclude Include="Global.Threader.h">
      <Filter>Header Files\TitanEngine</Filter>
    </ClInclude>
    <ClInclude Include="Global.Debugger.h">
      <Filter>Header Files\TitanEngine</Filter>
    </ClInclude>
    <ClInclude Include="Global.Breakpoints.h">
      <Filter>Header Files\TitanEngine</Filter>
    </ClInclude>
    <ClInclude Include="Global.Librarian.h">
      <Filter>Header Files\TitanEngine</Filter>
    </ClInclude>
    <ClInclude Include="Global.TLS.h">
      <Filter>Header Files\TitanEngine</Filter>
    </ClInclude>
    <ClInclude Include="Global.OEPFinder.h">
      <Filter>Header Files\TitanEngine</Filter>
    </ClInclude>
    <ClInclude Include="Global.Injector.h">
      <Filter>Header Files\TitanEngine</Filter>
    </ClInclude>
    <ClInclude Include="Global.Engine.Hook.h">
      <Filter>Header Files\TitanEngine</Filter>
    </ClInclude>
    <ClInclude Include="Global.Engine.GUI.h">
      <Filter>Header Files\TitanEngine</Filter>
    </ClInclude>
    <ClInclude Include="Global.Engine.Simplification.h">
      <Filter>Header Files\TitanEngine</Filter>
    </ClInclude>
    <ClInclude Include="Global.Garbage.h">
      <Filter>Header Files\TitanEngine</Filter>
    </ClInclude>
  </ItemGroup>
  <ItemGroup>
    <ResourceCompile Include="TitanEngine.rc">
      <Filter>Resource Files</Filter>
    </ResourceCompile>
  </ItemGroup>
  <ItemGroup>
    <None Include="..\TitanEngineLoaders\LibraryLoader\x64\Release\LibraryLoader.exe">
      <Filter>Resource Files\Binary</Filter>
    </None>
    <None Include="..\TitanEngineLoaders\LibraryLoader\Release\LibraryLoader.exe">
      <Filter>Resource Files\Binary</Filter>
    </None>
    <None Include="..\TitanEngineLoaders\ReserveLibrary\Release\ReserveLibrary.dll">
      <Filter>Resource Files\Binary</Filter>
    </None>
    <None Include="..\TitanEngineLoaders\ReserveLibrary\x64\Release\ReserveLibrary.dll">
      <Filter>Resource Files\Binary</Filter>
    </None>
    <None Include="HEADER.BMP">
      <Filter>Resource Files\Images</Filter>
    </None>
    <None Include="LOGO.bmp">
      <Filter>Resource Files\Images</Filter>
    </None>
    <None Include="MAINICON.ico">
      <Filter>Resource Files\Images</Filter>
    </None>
    <None Include="ReadMe.txt" />
    <None Include="Global.Engine.Hash.h">
      <Filter>Header Files\TitanEngine</Filter>
    </None>
  </ItemGroup>
</Project>